{
  "name": "@ckeditor/ckeditor5-editor-classic",
  "version": "23.0.0",
  "lockfileVersion": 1,
  "requires": true,
  "dependencies": {
    "@ckeditor/ckeditor5-basic-styles": {
      "version": "23.0.0",
      "resolved": "https://registry.npmjs.org/@ckeditor/ckeditor5-basic-styles/-/ckeditor5-basic-styles-23.0.0.tgz",
      "integrity": "sha512-3JqOfB3vWGlXm6CK5SvWgaubyYp/E4R1L4HvT1jzvwa6+QW9S4aqLK3O75XukfDleFDOodDcXDdRMQpI0OBk5g==",
      "dev": true,
      "requires": {
        "@ckeditor/ckeditor5-core": "^23.0.0",
        "@ckeditor/ckeditor5-typing": "^23.0.0",
        "@ckeditor/ckeditor5-ui": "^23.0.0"
      }
    },
    "@ckeditor/ckeditor5-core": {
      "version": "23.0.0",
      "resolved": "https://registry.npmjs.org/@ckeditor/ckeditor5-core/-/ckeditor5-core-23.0.0.tgz",
      "integrity": "sha512-NjelymGQBJPnEplS0rN/y6oDCdg6+5BcFF5NffxCzzXyqrFguIVSzgSaBXB7ujwX6AkecvEPM7yN8UQg+8z98A==",
      "requires": {
        "@ckeditor/ckeditor5-engine": "^23.0.0",
        "@ckeditor/ckeditor5-utils": "^23.0.0",
        "lodash-es": "^4.17.15"
      }
    },
    "@ckeditor/ckeditor5-engine": {
      "version": "23.0.0",
      "resolved": "https://registry.npmjs.org/@ckeditor/ckeditor5-engine/-/ckeditor5-engine-23.0.0.tgz",
      "integrity": "sha512-DKYHxN7WORlX3HsgEXMlIaUQFfyGzg21aMA8vRIl3IZrDKdsyJILu63Z+CTs0NSP5CGZyOqwSPE20Pf5luQrUA==",
      "requires": {
        "@ckeditor/ckeditor5-utils": "^23.0.0",
        "lodash-es": "^4.17.15"
      }
    },
    "@ckeditor/ckeditor5-enter": {
      "version": "23.0.0",
      "resolved": "https://registry.npmjs.org/@ckeditor/ckeditor5-enter/-/ckeditor5-enter-23.0.0.tgz",
      "integrity": "sha512-5ZkukR8RbZRums6jnVaLNi8PiOoCF7DQARR5SUK6DrI1glHwzLHOn+UESdGF0Wgy+OWtJUHE2IT2rvDn91Jc2A==",
      "dev": true,
      "requires": {
        "@ckeditor/ckeditor5-core": "^23.0.0",
        "@ckeditor/ckeditor5-engine": "^23.0.0",
        "@ckeditor/ckeditor5-utils": "^23.0.0"
      }
    },
    "@ckeditor/ckeditor5-heading": {
      "version": "23.0.0",
      "resolved": "https://registry.npmjs.org/@ckeditor/ckeditor5-heading/-/ckeditor5-heading-23.0.0.tgz",
      "integrity": "sha512-pW1jY8ZakrrVAbmM3lTdxaY1ZbJD+7UMzAkLM/K+sIzxImaoIQaLjERLof4WfbCAEM2v9PFax1RGKELFLLnJAg==",
      "dev": true,
      "requires": {
        "@ckeditor/ckeditor5-core": "^23.0.0",
        "@ckeditor/ckeditor5-paragraph": "^23.0.0",
        "@ckeditor/ckeditor5-ui": "^23.0.0",
        "@ckeditor/ckeditor5-utils": "^23.0.0"
      }
    },
    "@ckeditor/ckeditor5-paragraph": {
      "version": "23.0.0",
      "resolved": "https://registry.npmjs.org/@ckeditor/ckeditor5-paragraph/-/ckeditor5-paragraph-23.0.0.tgz",
      "integrity": "sha512-Aq926Hx/JUjOqPKJp9ptJlq8Gd+ABLeDluxYgf+CddXEb49goekejqiu7ptPd0P+V2jXyYWabhDh3dvxSbalpg==",
      "dev": true,
      "requires": {
        "@ckeditor/ckeditor5-core": "^23.0.0",
        "@ckeditor/ckeditor5-ui": "^23.0.0",
        "@ckeditor/ckeditor5-utils": "^23.0.0"
      }
    },
    "@ckeditor/ckeditor5-typing": {
      "version": "23.0.0",
      "resolved": "https://registry.npmjs.org/@ckeditor/ckeditor5-typing/-/ckeditor5-typing-23.0.0.tgz",
      "integrity": "sha512-LODZfoGdEonEEfF9o0bctJKkMKCxqOBACNxlAKa+lDl7dD0Hp5N5G1RqTxWZnAIsh4swNHW7PnVQWPGDozA4Mw==",
      "dev": true,
      "requires": {
        "@ckeditor/ckeditor5-core": "^23.0.0",
        "@ckeditor/ckeditor5-engine": "^23.0.0",
        "@ckeditor/ckeditor5-utils": "^23.0.0",
        "lodash-es": "^4.17.15"
      }
    },
    "@ckeditor/ckeditor5-ui": {
      "version": "23.0.0",
      "resolved": "https://registry.npmjs.org/@ckeditor/ckeditor5-ui/-/ckeditor5-ui-23.0.0.tgz",
      "integrity": "sha512-X8RyCPMRWBYkb+Ze3e588JOGWfVz8C4cwkYbCHoKC9IaAnJhVeFngQIRMEP4+lTdqTEBW6q/5RZotKLlNOPY2g==",
      "requires": {
        "@ckeditor/ckeditor5-core": "^23.0.0",
        "@ckeditor/ckeditor5-utils": "^23.0.0",
        "lodash-es": "^4.17.15"
      }
    },
    "@ckeditor/ckeditor5-undo": {
      "version": "23.0.0",
      "resolved": "https://registry.npmjs.org/@ckeditor/ckeditor5-undo/-/ckeditor5-undo-23.0.0.tgz",
      "integrity": "sha512-qIH/1tXaG1yH1tnjWK5UtdzDlQtRwNHtCWT0ijbmB01vnEz/j9ZgwogZaeOdryweGBSrjY+EhPg+zs6Uhjtn4Q==",
      "dev": true,
      "requires": {
        "@ckeditor/ckeditor5-core": "^23.0.0",
        "@ckeditor/ckeditor5-engine": "^23.0.0",
        "@ckeditor/ckeditor5-ui": "^23.0.0"
      }
    },
    "@ckeditor/ckeditor5-utils": {
      "version": "23.0.0",
      "resolved": "https://registry.npmjs.org/@ckeditor/ckeditor5-utils/-/ckeditor5-utils-23.0.0.tgz",
      "integrity": "sha512-el37RemQW207NBN3/DK5XNsFPiyno67bAAQ0Xw0nLqqgQhxPP+UyIWlG2F2Oa7eiVWg2/UdGgeQOOq/OV3ZYTA==",
      "requires": {
        "lodash-es": "^4.17.15"
      }
    },
    "lodash-es": {
      "version": "4.17.15",
      "resolved": "https://registry.npmjs.org/lodash-es/-/lodash-es-4.17.15.tgz",
      "integrity": "sha512-rlrc3yU3+JNOpZ9zj5pQtxnx2THmvRykwL4Xlxoa8I9lHBlVbbyPhgyPMioxVZ4NqyxaVVtaJnzsyOidQIhyyQ=="
    }
  }
}
