{
  "name": "ckeditor5-colorpicker",
  "version": "29.0.0",
  "lockfileVersion": 1,
  "requires": true,
  "dependencies": {
    "@ckeditor/ckeditor5-clipboard": {
      "version": "29.0.0",
      "resolved": "https://registry.npmjs.org/@ckeditor/ckeditor5-clipboard/-/ckeditor5-clipboard-29.0.0.tgz",
      "integrity": "sha512-+5MsD4CE+nKO0wkf/9EIupM3zIbBUqEkWrDs7yXw/kygtJcOzKqAU2TL/TeMrt+sSHjYyLTMAcnDKqkUGcNtPQ==",
      "requires": {
        "@ckeditor/ckeditor5-core": "^29.0.0",
        "@ckeditor/ckeditor5-engine": "^29.0.0",
        "@ckeditor/ckeditor5-utils": "^29.0.0",
        "@ckeditor/ckeditor5-widget": "^29.0.0",
        "lodash-es": "^4.17.11"
      }
    },
    "@ckeditor/ckeditor5-core": {
      "version": "29.0.0",
      "resolved": "https://registry.npmjs.org/@ckeditor/ckeditor5-core/-/ckeditor5-core-29.0.0.tgz",
      "integrity": "sha512-+eSvVDYu5DPBA5PKxZsvjZD++KjvB60XeV82GVQkmrfGeQ13CO8nW/fw4lKQDdmBHEWe7l4XYg6A/lxcezqDqQ==",
      "requires": {
        "@ckeditor/ckeditor5-engine": "^29.0.0",
        "@ckeditor/ckeditor5-ui": "^29.0.0",
        "@ckeditor/ckeditor5-utils": "^29.0.0",
        "lodash-es": "^4.17.15"
      }
    },
    "@ckeditor/ckeditor5-engine": {
      "version": "29.0.0",
      "resolved": "https://registry.npmjs.org/@ckeditor/ckeditor5-engine/-/ckeditor5-engine-29.0.0.tgz",
      "integrity": "sha512-45wLbx3xdkQttJaXoztAhqV58AGH40zCH+ON89qkj1OsRqekjwlAcoi6rpdn70TsZi2fmwHYATz2DEp6S+FCfA==",
      "requires": {
        "@ckeditor/ckeditor5-utils": "^29.0.0",
        "lodash-es": "^4.17.15"
      }
    },
    "@ckeditor/ckeditor5-enter": {
      "version": "29.0.0",
      "resolved": "https://registry.npmjs.org/@ckeditor/ckeditor5-enter/-/ckeditor5-enter-29.0.0.tgz",
      "integrity": "sha512-xjhIFuJlZ69kOKMGDTKQxkrPh5xTKm5AUWMbPo/XTv9OcWjCkfk7X3ZYM95mfuOO8guaP3+I1dB0XSLZG1lqEA==",
      "requires": {
        "@ckeditor/ckeditor5-core": "^29.0.0",
        "@ckeditor/ckeditor5-engine": "^29.0.0",
        "@ckeditor/ckeditor5-utils": "^29.0.0"
      }
    },
    "@ckeditor/ckeditor5-font": {
      "version": "29.0.0",
      "resolved": "https://registry.npmjs.org/@ckeditor/ckeditor5-font/-/ckeditor5-font-29.0.0.tgz",
      "integrity": "sha512-qiMMZD7akFe1dzcfzMAvzhw2kORMhhhGR69qFzPyh4QZ1/Vqcj6kTaHaLaF9fLgNcq7IwQVJxJbs6wCXKaTAWw==",
      "requires": {
        "ckeditor5": "^29.0.0"
      }
    },
    "@ckeditor/ckeditor5-paragraph": {
      "version": "29.0.0",
      "resolved": "https://registry.npmjs.org/@ckeditor/ckeditor5-paragraph/-/ckeditor5-paragraph-29.0.0.tgz",
      "integrity": "sha512-Ny+jYS/VaHZPdk+yPP3pjUrSQoFv9ZnTpoSEzQ/TlIjINAW1b1wAJdBHgeQhYawom1CcUKBFKlCbo1XFoudGkQ==",
      "requires": {
        "@ckeditor/ckeditor5-core": "^29.0.0",
        "@ckeditor/ckeditor5-ui": "^29.0.0",
        "@ckeditor/ckeditor5-utils": "^29.0.0"
      }
    },
    "@ckeditor/ckeditor5-select-all": {
      "version": "29.0.0",
      "resolved": "https://registry.npmjs.org/@ckeditor/ckeditor5-select-all/-/ckeditor5-select-all-29.0.0.tgz",
      "integrity": "sha512-yLcBhgPgZSb9jQKbyzX+920NvC/mxcxfmxbt1yx0MTjR4EMuFSpNQzztQ+rTD1c7gDFNvkxkcoBWJpqpFS+krA==",
      "requires": {
        "@ckeditor/ckeditor5-core": "^29.0.0",
        "@ckeditor/ckeditor5-ui": "^29.0.0",
        "@ckeditor/ckeditor5-utils": "^29.0.0"
      }
    },
    "@ckeditor/ckeditor5-typing": {
      "version": "29.0.0",
      "resolved": "https://registry.npmjs.org/@ckeditor/ckeditor5-typing/-/ckeditor5-typing-29.0.0.tgz",
      "integrity": "sha512-ThWCzDWdQ0vf3S+nikfUP2IkpjCeb+HnnTvMlXwPYNg+eO3VXjQUZCoEEOYEHvJeyJ46FyAqCwOsHuqjUV7BBw==",
      "requires": {
        "@ckeditor/ckeditor5-core": "^29.0.0",
        "@ckeditor/ckeditor5-engine": "^29.0.0",
        "@ckeditor/ckeditor5-utils": "^29.0.0",
        "lodash-es": "^4.17.15"
      }
    },
    "@ckeditor/ckeditor5-ui": {
      "version": "29.0.0",
      "resolved": "https://registry.npmjs.org/@ckeditor/ckeditor5-ui/-/ckeditor5-ui-29.0.0.tgz",
      "integrity": "sha512-b/SKgoSaftGnYhNVitisXUfLAMZOLDKtbLPQf5UdHcNlgg7IFTL5YeC4Ht4EEPLp/pHytUaVmVNDKHD2gWMCuw==",
      "requires": {
        "@ckeditor/ckeditor5-utils": "^29.0.0",
        "ckeditor5": "^29.0.0",
        "lodash-es": "^4.17.15"
      }
    },
    "@ckeditor/ckeditor5-undo": {
      "version": "29.0.0",
      "resolved": "https://registry.npmjs.org/@ckeditor/ckeditor5-undo/-/ckeditor5-undo-29.0.0.tgz",
      "integrity": "sha512-MEG+fpOKHXfcSxa4sYSyFkGdbIrkEDC+R1C2pWmtSBPCxbBaWJVVqUC90NxtYTkeiwPdopMBBqYGVBKF9vXDSg==",
      "requires": {
        "@ckeditor/ckeditor5-core": "^29.0.0",
        "@ckeditor/ckeditor5-engine": "^29.0.0",
        "@ckeditor/ckeditor5-ui": "^29.0.0"
      }
    },
    "@ckeditor/ckeditor5-upload": {
      "version": "29.0.0",
      "resolved": "https://registry.npmjs.org/@ckeditor/ckeditor5-upload/-/ckeditor5-upload-29.0.0.tgz",
      "integrity": "sha512-TG92il7w8erakSWJbKFV2lFwjO7FkKJ94beG6Ifij+X5bpQeyWufccFh8h0OgFb0IFwETxeK+Tu9hB80gjoX1w==",
      "requires": {
        "@ckeditor/ckeditor5-core": "^29.0.0",
        "@ckeditor/ckeditor5-ui": "^29.0.0",
        "@ckeditor/ckeditor5-utils": "^29.0.0"
      }
    },
    "@ckeditor/ckeditor5-utils": {
      "version": "29.0.0",
      "resolved": "https://registry.npmjs.org/@ckeditor/ckeditor5-utils/-/ckeditor5-utils-29.0.0.tgz",
      "integrity": "sha512-D1QRvsu5fxYLiiFvUBsgqOi+0SlbuSo292X3Dl65+hPZY+7physKtfk864Xe3u9UbJvVr5H2Jtle+cO8bsYing==",
      "requires": {
        "lodash-es": "^4.17.15"
      }
    },
    "@ckeditor/ckeditor5-widget": {
      "version": "29.0.0",
      "resolved": "https://registry.npmjs.org/@ckeditor/ckeditor5-widget/-/ckeditor5-widget-29.0.0.tgz",
      "integrity": "sha512-PyIARNUl9V6m1gUmIMO88XWIHP3NwSSgr78i7k8eYiIkb/VMPDS0eI54XHUqwDGR3Fhtvrfg5FUzAXWMJKCmqg==",
      "requires": {
        "@ckeditor/ckeditor5-core": "^29.0.0",
        "@ckeditor/ckeditor5-engine": "^29.0.0",
        "@ckeditor/ckeditor5-enter": "^29.0.0",
        "@ckeditor/ckeditor5-typing": "^29.0.0",
        "@ckeditor/ckeditor5-ui": "^29.0.0",
        "@ckeditor/ckeditor5-utils": "^29.0.0",
        "lodash-es": "^4.17.15"
      }
    },
    "@eastdesire/jscolor": {
      "version": "2.4.5",
      "resolved": "https://registry.npmjs.org/@eastdesire/jscolor/-/jscolor-2.4.5.tgz",
      "integrity": "sha512-LDCEGN7qKKO3tq6yYtx6cbz/tQlr9LqKNSFaG2GIIn03y67ot3doucpDGoQjCwXG2xUB4pDXRuH2lobjjxhtJA=="
    },
    "ckeditor5": {
      "version": "29.0.0",
      "resolved": "https://registry.npmjs.org/ckeditor5/-/ckeditor5-29.0.0.tgz",
      "integrity": "sha512-UWI8MuDt1pLvs1hlbaiqF1ovbX87gomDryvnNKxb7dx6nGyjrLMcqZyPH5Kmv4gjw/EgWcwSdHJECTEO5A0Qig==",
      "requires": {
        "@ckeditor/ckeditor5-clipboard": "^29.0.0",
        "@ckeditor/ckeditor5-core": "^29.0.0",
        "@ckeditor/ckeditor5-engine": "^29.0.0",
        "@ckeditor/ckeditor5-enter": "^29.0.0",
        "@ckeditor/ckeditor5-paragraph": "^29.0.0",
        "@ckeditor/ckeditor5-select-all": "^29.0.0",
        "@ckeditor/ckeditor5-typing": "^29.0.0",
        "@ckeditor/ckeditor5-ui": "^29.0.0",
        "@ckeditor/ckeditor5-undo": "^29.0.0",
        "@ckeditor/ckeditor5-upload": "^29.0.0",
        "@ckeditor/ckeditor5-utils": "^29.0.0",
        "@ckeditor/ckeditor5-widget": "^29.0.0"
      }
    },
    "lodash-es": {
      "version": "4.17.21",
      "resolved": "https://registry.npmjs.org/lodash-es/-/lodash-es-4.17.21.tgz",
      "integrity": "sha512-mKnC+QJ9pWVzv+C4/U3rRsHapFfHvQFoFB92e52xeyGMcX6/OlIl78je1u8vePzYZSkkogMPJ2yjxxsb89cxyw=="
    }
  }
}
